
Microsoft Visual Studio Solution File, Format Version 12.00
# Visual Studio Version 17
VisualStudioVersion = 17.1.32228.430
MinimumVisualStudioVersion = 10.0.40219.1
Project("{FAE04EC0-301F-11D3-BF4B-00C04F79EFBC}") = "m.fb", "m.fb.csproj", "{FE062DFE-697D-4557-9800-4F8A08EC071D}"
EndProject
Global
	GlobalSection(SolutionConfigurationPlatforms) = preSolution
		Debug|Any CPU = Debug|Any CPU
		Release|Any CPU = Release|Any CPU
	EndGlobalSection
	GlobalSection(ProjectConfigurationPlatforms) = postSolution
		{FE062DFE-697D-4557-9800-4F8A08EC071D}.Debug|Any CPU.ActiveCfg = Debug|Any CPU
		{FE062DFE-697D-4557-9800-4F8A08EC071D}.Debug|Any CPU.Build.0 = Debug|Any CPU
		{FE062DFE-697D-4557-9800-4F8A08EC071D}.Release|Any CPU.ActiveCfg = Release|Any CPU
		{FE062DFE-697D-4557-9800-4F8A08EC071D}.Release|Any CPU.Build.0 = Release|Any CPU
	EndGlobalSection
	GlobalSection(SolutionProperties) = preSolution
		HideSolutionNode = FALSE
	EndGlobalSection
	GlobalSection(ExtensibilityGlobals) = postSolution
		SolutionGuid = {D84E1EA6-5293-4E7F-BFB6-D0056608F7CA}
	EndGlobalSection
EndGlobal
